// !$*UTF8*$!
{
	archiveVersion = 1;
	classes = {
	};
	objectVersion = 46;
	objects = {

/* Begin PBXBuildFile section */
		BA29478B19E0C10100689F2E /* AppDelegate.swift in Sources */ = {isa = PBXBuildFile; fileRef = BA29478A19E0C10100689F2E /* AppDelegate.swift */; };
		BA29478D19E0C10100689F2E /* ViewController.swift in Sources */ = {isa = PBXBuildFile; fileRef = BA29478C19E0C10100689F2E /* ViewController.swift */; };
		BA29479019E0C10100689F2E /* Main.storyboard in Resources */ = {isa = PBXBuildFile; fileRef = BA29478E19E0C10100689F2E /* Main.storyboard */; };
		BA29479219E0C10100689F2E /* Images.xcassets in Resources */ = {isa = PBXBuildFile; fileRef = BA29479119E0C10100689F2E /* Images.xcassets */; };
		BA29479E19E0C10100689F2E /* CS395_Homework2Tests.swift in Sources */ = {isa = PBXBuildFile; fileRef = BA29479D19E0C10100689F2E /* CS395_Homework2Tests.swift */; };
		BA2947A819E1A97D00689F2E /* BlackjackGame.swift in Sources */ = {isa = PBXBuildFile; fileRef = BA2947A719E1A97D00689F2E /* BlackjackGame.swift */; };
/* End PBXBuildFile section */

/* Begin PBXContainerItemProxy section */
		BA29479819E0C10100689F2E /* PBXContainerItemProxy */ = {
			isa = PBXContainerItemProxy;
			containerPortal = BA29477D19E0C10000689F2E /* Project object */;
			proxyType = 1;
			remoteGlobalIDString = BA29478419E0C10100689F2E;
			remoteInfo = "CS395-Homework2";
		};
/* End PBXContainerItemProxy section */

/* Begin PBXFileReference section */
		BA29478519E0C10100689F2E /* CS395-Homework2.app */ = {isa = PBXFileReference; explicitFileType = wrapper.application; includeInIndex = 0; path = "CS395-Homework2.app"; sourceTree = BUILT_PRODUCTS_DIR; };
		BA29478919E0C10100689F2E /* Info.plist */ = {isa = PBXFileReference; lastKnownFileType = text.plist.xml; path = Info.plist; sourceTree = "<group>"; };
		BA29478A19E0C10100689F2E /* AppDelegate.swift */ = {isa = PBXFileReference; lastKnownFileType = sourcecode.swift; path = AppDelegate.swift; sourceTree = "<group>"; };
		BA29478C19E0C10100689F2E /* ViewController.swift */ = {isa = PBXFileReference; lastKnownFileType = sourcecode.swift; path = ViewController.swift; sourceTree = "<group>"; };
		BA29478F19E0C10100689F2E /* Base */ = {isa = PBXFileReference; lastKnownFileType = file.storyboard; name = Base; path = Base.lproj/Main.storyboard; sourceTree = "<group>"; };
		BA29479119E0C10100689F2E /* Images.xcassets */ = {isa = PBXFileReference; lastKnownFileType = folder.assetcatalog; path = Images.xcassets; sourceTree = "<group>"; };
		BA29479719E0C10100689F2E /* CS395-Homework2Tests.xctest */ = {isa = PBXFileReference; explicitFileType = wrapper.cfbundle; includeInIndex = 0; path = "CS395-Homework2Tests.xctest"; sourceTree = BUILT_PRODUCTS_DIR; };
		BA29479C19E0C10100689F2E /* Info.plist */ = {isa = PBXFileReference; lastKnownFileType = text.plist.xml; path = Info.plist; sourceTree = "<group>"; };
		BA29479D19E0C10100689F2E /* CS395_Homework2Tests.swift */ = {isa = PBXFileReference; lastKnownFileType = sourcecode.swift; path = CS395_Homework2Tests.swift; sourceTree = "<group>"; };
		BA2947A719E1A97D00689F2E /* BlackjackGame.swift */ = {isa = PBXFileReference; fileEncoding = 4; lastKnownFileType = sourcecode.swift; path = BlackjackGame.swift; sourceTree = "<group>"; };
/* End PBXFileReference section */

/* Begin PBXFrameworksBuildPhase section */
		BA29478219E0C10100689F2E /* Frameworks */ = {
			isa = PBXFrameworksBuildPhase;
			buildActionMask = 2147483647;
			files = (
			);
			runOnlyForDeploymentPostprocessing = 0;
		};
		BA29479419E0C10100689F2E /* Frameworks */ = {
			isa = PBXFrameworksBuildPhase;
			buildActionMask = 2147483647;
			files = (
			);
			runOnlyForDeploymentPostprocessing = 0;
		};
/* End PBXFrameworksBuildPhase section */

/* Begin PBXGroup section */
		BA29477C19E0C10000689F2E = {
			isa = PBXGroup;
			children = (
				BA29478719E0C10100689F2E /* CS395-Homework2 */,
				BA29479A19E0C10100689F2E /* CS395-Homework2Tests */,
				BA29478619E0C10100689F2E /* Products */,
			);
			sourceTree = "<group>";
		};
		BA29478619E0C10100689F2E /* Products */ = {
			isa = PBXGroup;
			children = (
				BA29478519E0C10100689F2E /* CS395-Homework2.app */,
				BA29479719E0C10100689F2E /* CS395-Homework2Tests.xctest */,
			);
			name = Products;
			sourceTree = "<group>";
		};
		BA29478719E0C10100689F2E /* CS395-Homework2 */ = {
			isa = PBXGroup;
			children = (
				BA2947A719E1A97D00689F2E /* BlackjackGame.swift */,
				BA29478A19E0C10100689F2E /* AppDelegate.swift */,
				BA29478C19E0C10100689F2E /* ViewController.swift */,
				BA29478E19E0C10100689F2E /* Main.storyboard */,
				BA29479119E0C10100689F2E /* Images.xcassets */,
				BA29478819E0C10100689F2E /* Supporting Files */,
			);
			path = "CS395-Homework2";
			sourceTree = "<group>";
		};
		BA29478819E0C10100689F2E /* Supporting Files */ = {
			isa = PBXGroup;
			children = (
				BA29478919E0C10100689F2E /* Info.plist */,
			);
			name = "Supporting Files";
			sourceTree = "<group>";
		};
		BA29479A19E0C10100689F2E /* CS395-Homework2Tests */ = {
			isa = PBXGroup;
			children = (
				BA29479D19E0C10100689F2E /* CS395_Homework2Tests.swift */,
				BA29479B19E0C10100689F2E /* Supporting Files */,
			);
			path = "CS395-Homework2Tests";
			sourceTree = "<group>";
		};
		BA29479B19E0C10100689F2E /* Supporting Files */ = {
			isa = PBXGroup;
			children = (
				BA29479C19E0C10100689F2E /* Info.plist */,
			);
			name = "Supporting Files";
			sourceTree = "<group>";
		};
/* End PBXGroup section */

/* Begin PBXNativeTarget section */
		BA29478419E0C10100689F2E /* CS395-Homework2 */ = {
			isa = PBXNativeTarget;
			buildConfigurationList = BA2947A119E0C10100689F2E /* Build configuration list for PBXNativeTarget "CS395-Homework2" */;
			buildPhases = (
				BA29478119E0C10100689F2E /* Sources */,
				BA29478219E0C10100689F2E /* Frameworks */,
				BA29478319E0C10100689F2E /* Resources */,
			);
			buildRules = (
			);
			dependencies = (
			);
			name = "CS395-Homework2";
			productName = "CS395-Homework2";
			productReference = BA29478519E0C10100689F2E /* CS395-Homework2.app */;
			productType = "com.apple.product-type.application";
		};
		BA29479619E0C10100689F2E /* CS395-Homework2Tests */ = {
			isa = PBXNativeTarget;
			buildConfigurationList = BA2947A419E0C10100689F2E /* Build configuration list for PBXNativeTarget "CS395-Homework2Tests" */;
			buildPhases = (
				BA29479319E0C10100689F2E /* Sources */,
				BA29479419E0C10100689F2E /* Frameworks */,
				BA29479519E0C10100689F2E /* Resources */,
			);
			buildRules = (
			);
			dependencies = (
				BA29479919E0C10100689F2E /* PBXTargetDependency */,
			);
			name = "CS395-Homework2Tests";
			productName = "CS395-Homework2Tests";
			productReference = BA29479719E0C10100689F2E /* CS395-Homework2Tests.xctest */;
			productType = "com.apple.product-type.bundle.unit-test";
		};
/* End PBXNativeTarget section */

/* Begin PBXProject section */
		BA29477D19E0C10000689F2E /* Project object */ = {
			isa = PBXProject;
			attributes = {
				LastUpgradeCheck = 0600;
				ORGANIZATIONNAME = Panda;
				TargetAttributes = {
					BA29478419E0C10100689F2E = {
						CreatedOnToolsVersion = 6.0;
						DevelopmentTeam = 6QN349HHUB;
					};
					BA29479619E0C10100689F2E = {
						CreatedOnToolsVersion = 6.0;
						TestTargetID = BA29478419E0C10100689F2E;
					};
				};
			};
			buildConfigurationList = BA29478019E0C10000689F2E /* Build configuration list for PBXProject "CS395-Homework2" */;
			compatibilityVersion = "Xcode 3.2";
			developmentRegion = English;
			hasScannedForEncodings = 0;
			knownRegions = (
				en,
				Base,
			);
			mainGroup = BA29477C19E0C10000689F2E;
			productRefGroup = BA29478619E0C10100689F2E /* Products */;
			projectDirPath = "";
			projectRoot = "";
			targets = (
				BA29478419E0C10100689F2E /* CS395-Homework2 */,
				BA29479619E0C10100689F2E /* CS395-Homework2Tests */,
			);
		};
/* End PBXProject section */

/* Begin PBXResourcesBuildPhase section */
		BA29478319E0C10100689F2E /* Resources */ = {
			isa = PBXResourcesBuildPhase;
			buildActionMask = 2147483647;
			files = (
				BA29479019E0C10100689F2E /* Main.storyboard in Resources */,
				BA29479219E0C10100689F2E /* Images.xcassets in Resources */,
			);
			runOnlyForDeploymentPostprocessing = 0;
		};
		BA29479519E0C10100689F2E /* Resources */ = {
			isa = PBXResourcesBuildPhase;
			buildActionMask = 2147483647;
			files = (
			);
			runOnlyForDeploymentPostprocessing = 0;
		};
/* End PBXResourcesBuildPhase section */

/* Begin PBXSourcesBuildPhase section */
		BA29478119E0C10100689F2E /* Sources */ = {
			isa = PBXSourcesBuildPhase;
			buildActionMask = 2147483647;
			files = (
				BA29478D19E0C10100689F2E /* ViewController.swift in Sources */,
				BA2947A819E1A97D00689F2E /* BlackjackGame.swift in Sources */,
				BA29478B19E0C10100689F2E /* AppDelegate.swift in Sources */,
			);
			runOnlyForDeploymentPostprocessing = 0;
		};
		BA29479319E0C10100689F2E /* Sources */ = {
			isa = PBXSourcesBuildPhase;
			buildActionMask = 2147483647;
			files = (
				BA29479E19E0C10100689F2E /* CS395_Homework2Tests.swift in Sources */,
			);
			runOnlyForDeploymentPostprocessing = 0;
		};
/* End PBXSourcesBuildPhase section */

/* Begin PBXTargetDependency section */
		BA29479919E0C10100689F2E /* PBXTargetDependency */ = {
			isa = PBXTargetDependency;
			target = BA29478419E0C10100689F2E /* CS395-Homework2 */;
			targetProxy = BA29479819E0C10100689F2E /* PBXContainerItemProxy */;
		};
/* End PBXTargetDependency section */

/* Begin PBXVariantGroup section */
		BA29478E19E0C10100689F2E /* Main.storyboard */ = {
			isa = PBXVariantGroup;
			children = (
				BA29478F19E0C10100689F2E /* Base */,
			);
			name = Main.storyboard;
			sourceTree = "<group>";
		};
/* End PBXVariantGroup section */

/* Begin XCBuildConfiguration section */
		BA29479F19E0C10100689F2E /* Debug */ = {
			isa = XCBuildConfiguration;
			buildSettings = {
				ALWAYS_SEARCH_USER_PATHS = NO;
				CLANG_CXX_LANGUAGE_STANDARD = "gnu++0x";
				CLANG_CXX_LIBRARY = "libc++";
				CLANG_ENABLE_MODULES = YES;
				CLANG_ENABLE_OBJC_ARC = YES;
				CLANG_WARN_BOOL_CONVERSION = YES;
				CLANG_WARN_CONSTANT_CONVERSION = YES;
				CLANG_WARN_DIRECT_OBJC_ISA_USAGE = YES_ERROR;
				CLANG_WARN_EMPTY_BODY = YES;
				CLANG_WARN_ENUM_CONVERSION = YES;
				CLANG_WARN_INT_CONVERSION = YES;
				CLANG_WARN_OBJC_ROOT_CLASS = YES_ERROR;
				CLANG_WARN_UNREACHABLE_CODE = YES;
				CLANG_WARN__DUPLICATE_METHOD_MATCH = YES;
				"CODE_SIGN_IDENTITY[sdk=iphoneos*]" = "iPhone Developer";
				COPY_PHASE_STRIP = NO;
				ENABLE_STRICT_OBJC_MSGSEND = YES;
				GCC_C_LANGUAGE_STANDARD = gnu99;
				GCC_DYNAMIC_NO_PIC = NO;
				GCC_OPTIMIZATION_LEVEL = 0;
				GCC_PREPROCESSOR_DEFINITIONS = (
					"DEBUG=1",
					"$(inherited)",
				);
				GCC_SYMBOLS_PRIVATE_EXTERN = NO;
				GCC_WARN_64_TO_32_BIT_CONVERSION = YES;
				GCC_WARN_ABOUT_RETURN_TYPE = YES_ERROR;
				GCC_WARN_UNDECLARED_SELECTOR = YES;
				GCC_WARN_UNINITIALIZED_AUTOS = YES_AGGRESSIVE;
				GCC_WARN_UNUSED_FUNCTION = YES;
				GCC_WARN_UNUSED_VARIABLE = YES;
				IPHONEOS_DEPLOYMENT_TARGET = 8.0;
				MTL_ENABLE_DEBUG_INFO = YES;
				ONLY_ACTIVE_ARCH = YES;
				SDKROOT = iphoneos;
				SWIFT_OPTIMIZATION_LEVEL = "-Onone";
				TARGETED_DEVICE_FAMILY = "1,2";
			};
			name = Debug;
		};
		BA2947A019E0C10100689F2E /* Release */ = {
			isa = XCBuildConfiguration;
			buildSettings = {
				ALWAYS_SEARCH_USER_PATHS = NO;
				CLANG_CXX_LANGUAGE_STANDARD = "gnu++0x";
				CLANG_CXX_LIBRARY = "libc++";
				CLANG_ENABLE_MODULES = YES;
				CLANG_ENABLE_OBJC_ARC = YES;
				CLANG_WARN_BOOL_CONVERSION = YES;
				CLANG_WARN_CONSTANT_CONVERSION = YES;
				CLANG_WARN_DIRECT_OBJC_ISA_USAGE = YES_ERROR;
				CLANG_WARN_EMPTY_BODY = YES;
				CLANG_WARN_ENUM_CONVERSION = YES;
				CLANG_WARN_INT_CONVERSION = YES;
				CLANG_WARN_OBJC_ROOT_CLASS = YES_ERROR;
				CLANG_WARN_UNREACHABLE_CODE = YES;
				CLANG_WARN__DUPLICATE_METHOD_MATCH = YES;
				"CODE_SIGN_IDENTITY[sdk=iphoneos*]" = "iPhone Developer";
				COPY_PHASE_STRIP = YES;
				ENABLE_NS_ASSERTIONS = NO;
				ENABLE_STRICT_OBJC_MSGSEND = YES;
				GCC_C_LANGUAGE_STANDARD = gnu99;
				GCC_WARN_64_TO_32_BIT_CONVERSION = YES;
				GCC_WARN_ABOUT_RETURN_TYPE = YES_ERROR;
				GCC_WARN_UNDECLARED_SELECTOR = YES;
				GCC_WARN_UNINITIALIZED_AUTOS = YES_AGGRESSIVE;
				GCC_WARN_UNUSED_FUNCTION = YES;
				GCC_WARN_UNUSED_VARIABLE = YES;
				IPHONEOS_DEPLOYMENT_TARGET = 8.0;
				MTL_ENABLE_DEBUG_INFO = NO;
				SDKROOT = iphoneos;
				TARGETED_DEVICE_FAMILY = "1,2";
				VALIDATE_PRODUCT = YES;
			};
			name = Release;
		};
		BA2947A219E0C10100689F2E /* Debug */ = {
			isa = XCBuildConfiguration;
			buildSettings = {
				ASSETCATALOG_COMPILER_APPICON_NAME = AppIcon;
				ASSETCATALOG_COMPILER_LAUNCHIMAGE_NAME = LaunchImage;
				CODE_SIGN_IDENTITY = "iPhone Developer";
				INFOPLIST_FILE = "CS395-Homework2/Info.plist";
				LD_RUNPATH_SEARCH_PATHS = "$(inherited) @executable_path/Frameworks";
				PRODUCT_NAME = "$(TARGET_NAME)";
			};
			name = Debug;
		};
		BA2947A319E0C10100689F2E /* Release */ = {
			isa = XCBuildConfiguration;
			buildSettings = {
				ASSETCATALOG_COMPILER_APPICON_NAME = AppIcon;
				ASSETCATALOG_COMPILER_LAUNCHIMAGE_NAME = LaunchImage;
				CODE_SIGN_IDENTITY = "iPhone Developer";
				INFOPLIST_FILE = "CS395-Homework2/Info.plist";
				LD_RUNPATH_SEARCH_PATHS = "$(inherited) @executable_path/Frameworks";
				PRODUCT_NAME = "$(TARGET_NAME)";
			};
			name = Release;
		};
		BA2947A519E0C10100689F2E /* Debug */ = {
			isa = XCBuildConfiguration;
			buildSettings = {
				BUNDLE_LOADER = "$(TEST_HOST)";
				FRAMEWORK_SEARCH_PATHS = (
					"$(SDKROOT)/Developer/Library/Frameworks",
					"$(inherited)",
				);
				GCC_PREPROCESSOR_DEFINITIONS = (
					"DEBUG=1",
					"$(inherited)",
				);
				INFOPLIST_FILE = "CS395-Homework2Tests/Info.plist";
				LD_RUNPATH_SEARCH_PATHS = "$(inherited) @executable_path/Frameworks @loader_path/Frameworks";
				PRODUCT_NAME = "$(TARGET_NAME)";
				TEST_HOST = "$(BUILT_PRODUCTS_DIR)/CS395-Homework2.app/CS395-Homework2";
			};
			name = Debug;
		};
		BA2947A619E0C10100689F2E /* Release */ = {
			isa = XCBuildConfiguration;
			buildSettings = {
				BUNDLE_LOADER = "$(TEST_HOST)";
				FRAMEWORK_SEARCH_PATHS = (
					"$(SDKROOT)/Developer/Library/Frameworks",
					"$(inherited)",
				);
				INFOPLIST_FILE = "CS395-Homework2Tests/Info.plist";
				LD_RUNPATH_SEARCH_PATHS = "$(inherited) @executable_path/Frameworks @loader_path/Frameworks";
				PRODUCT_NAME = "$(TARGET_NAME)";
				TEST_HOST = "$(BUILT_PRODUCTS_DIR)/CS395-Homework2.app/CS395-Homework2";
			};
			name = Release;
		};
/* End XCBuildConfiguration section */

/* Begin XCConfigurationList section */
		BA29478019E0C10000689F2E /* Build configuration list for PBXProject "CS395-Homework2" */ = {
			isa = XCConfigurationList;
			buildConfigurations = (
				BA29479F19E0C10100689F2E /* Debug */,
				BA2947A019E0C10100689F2E /* Release */,
			);
			defaultConfigurationIsVisible = 0;
			defaultConfigurationName = Release;
		};
		BA2947A119E0C10100689F2E /* Build configuration list for PBXNativeTarget "CS395-Homework2" */ = {
			isa = XCConfigurationList;
			buildConfigurations = (
				BA2947A219E0C10100689F2E /* Debug */,
				BA2947A319E0C10100689F2E /* Release */,
			);
			defaultConfigurationIsVisible = 0;
		};
		BA2947A419E0C10100689F2E /* Build configuration list for PBXNativeTarget "CS395-Homework2Tests" */ = {
			isa = XCConfigurationList;
			buildConfigurations = (
				BA2947A519E0C10100689F2E /* Debug */,
				BA2947A619E0C10100689F2E /* Release */,
			);
			defaultConfigurationIsVisible = 0;
		};
/* End XCConfigurationList section */
	};
	rootObject = BA29477D19E0C10000689F2E /* Project object */;
}
